
Microsoft Visual Studio Solution File, Format Version 12.00
# Visual Studio Version 16
VisualStudioVersion = 16.0.29009.5
MinimumVisualStudioVersion = 10.0.40219.1
Project("{D954291E-2A0B-460D-934E-DC6B0785DB48}") = "App2.Shared", "App2\App2.Shared\App2.Shared.shproj", "{6279C845-92F8-4333-AB99-3D213163593C}"
EndProject
Project("{FAE04EC0-301F-11D3-BF4B-00C04F79EFBC}") = "App2.Droid", "App2\App2.Droid\App2.Droid.csproj", "{5850ED81-A036-47A8-BAB7-1DB506F4A69C}"
EndProject
Project("{FAE04EC0-301F-11D3-BF4B-00C04F79EFBC}") = "App2.iOS", "App2\App2.iOS\App2.iOS.csproj", "{C4512D75-999C-482A-9B1D-54E3E634E6A7}"
EndProject
Project("{FAE04EC0-301F-11D3-BF4B-00C04F79EFBC}") = "App2.UWP", "App2\App2.UWP\App2.UWP.csproj", "{8EE4B6DB-782A-4828-B97A-DF2059A4A7F7}"
EndProject
Project("{9A19103F-16F7-4668-BE54-9A1E7A4F7556}") = "App2.Wasm", "App2\App2.Wasm\App2.Wasm.csproj", "{4FF15D5A-EC34-432C-9F62-CF91704A85AC}"
EndProject
Global
	GlobalSection(SharedMSBuildProjectFiles) = preSolution
		App2\App2.Shared\App2.Shared.projitems*{5850ed81-a036-47a8-bab7-1db506f4a69c}*SharedItemsImports = 4
		App2\App2.Shared\App2.Shared.projitems*{6279c845-92f8-4333-ab99-3d213163593c}*SharedItemsImports = 13
		App2\App2.Shared\App2.Shared.projitems*{8ee4b6db-782a-4828-b97a-df2059a4a7f7}*SharedItemsImports = 4
		App2\App2.Shared\App2.Shared.projitems*{c4512d75-999c-482a-9b1d-54e3e634e6a7}*SharedItemsImports = 4
	EndGlobalSection
	GlobalSection(SolutionConfigurationPlatforms) = preSolution
		Ad-Hoc|Any CPU = Ad-Hoc|Any CPU
		Ad-Hoc|ARM = Ad-Hoc|ARM
		Ad-Hoc|iPhone = Ad-Hoc|iPhone
		Ad-Hoc|iPhoneSimulator = Ad-Hoc|iPhoneSimulator
		Ad-Hoc|x64 = Ad-Hoc|x64
		Ad-Hoc|x86 = Ad-Hoc|x86
		AppStore|Any CPU = AppStore|Any CPU
		AppStore|ARM = AppStore|ARM
		AppStore|iPhone = AppStore|iPhone
		AppStore|iPhoneSimulator = AppStore|iPhoneSimulator
		AppStore|x64 = AppStore|x64
		AppStore|x86 = AppStore|x86
		Debug|Any CPU = Debug|Any CPU
		Debug|ARM = Debug|ARM
		Debug|iPhone = Debug|iPhone
		Debug|iPhoneSimulator = Debug|iPhoneSimulator
		Debug|x64 = Debug|x64
		Debug|x86 = Debug|x86
		Release|Any CPU = Release|Any CPU
		Release|ARM = Release|ARM
		Release|iPhone = Release|iPhone
		Release|iPhoneSimulator = Release|iPhoneSimulator
		Release|x64 = Release|x64
		Release|x86 = Release|x86
	EndGlobalSection
	GlobalSection(ProjectConfigurationPlatforms) = postSolution
		{5850ED81-A036-47A8-BAB7-1DB506F4A69C}.Ad-Hoc|Any CPU.ActiveCfg = Release|Any CPU
		{5850ED81-A036-47A8-BAB7-1DB506F4A69C}.Ad-Hoc|Any CPU.Build.0 = Release|Any CPU
		{5850ED81-A036-47A8-BAB7-1DB506F4A69C}.Ad-Hoc|Any CPU.Deploy.0 = Release|Any CPU
		{5850ED81-A036-47A8-BAB7-1DB506F4A69C}.Ad-Hoc|ARM.ActiveCfg = Release|Any CPU
		{5850ED81-A036-47A8-BAB7-1DB506F4A69C}.Ad-Hoc|ARM.Build.0 = Release|Any CPU
		{5850ED81-A036-47A8-BAB7-1DB506F4A69C}.Ad-Hoc|ARM.Deploy.0 = Release|Any CPU
		{5850ED81-A036-47A8-BAB7-1DB506F4A69C}.Ad-Hoc|iPhone.ActiveCfg = Release|Any CPU
		{5850ED81-A036-47A8-BAB7-1DB506F4A69C}.Ad-Hoc|iPhone.Build.0 = Release|Any CPU
		{5850ED81-A036-47A8-BAB7-1DB506F4A69C}.Ad-Hoc|iPhone.Deploy.0 = Release|Any CPU
		{5850ED81-A036-47A8-BAB7-1DB506F4A69C}.Ad-Hoc|iPhoneSimulator.ActiveCfg = Release|Any CPU
		{5850ED81-A036-47A8-BAB7-1DB506F4A69C}.Ad-Hoc|iPhoneSimulator.Build.0 = Release|Any CPU
		{5850ED81-A036-47A8-BAB7-1DB506F4A69C}.Ad-Hoc|iPhoneSimulator.Deploy.0 = Release|Any CPU
		{5850ED81-A036-47A8-BAB7-1DB506F4A69C}.Ad-Hoc|x64.ActiveCfg = Release|Any CPU
		{5850ED81-A036-47A8-BAB7-1DB506F4A69C}.Ad-Hoc|x64.Build.0 = Release|Any CPU
		{5850ED81-A036-47A8-BAB7-1DB506F4A69C}.Ad-Hoc|x64.Deploy.0 = Release|Any CPU
		{5850ED81-A036-47A8-BAB7-1DB506F4A69C}.Ad-Hoc|x86.ActiveCfg = Release|Any CPU
		{5850ED81-A036-47A8-BAB7-1DB506F4A69C}.Ad-Hoc|x86.Build.0 = Release|Any CPU
		{5850ED81-A036-47A8-BAB7-1DB506F4A69C}.Ad-Hoc|x86.Deploy.0 = Release|Any CPU
		{5850ED81-A036-47A8-BAB7-1DB506F4A69C}.AppStore|Any CPU.ActiveCfg = Release|Any CPU
		{5850ED81-A036-47A8-BAB7-1DB506F4A69C}.AppStore|Any CPU.Build.0 = Release|Any CPU
		{5850ED81-A036-47A8-BAB7-1DB506F4A69C}.AppStore|Any CPU.Deploy.0 = Release|Any CPU
		{5850ED81-A036-47A8-BAB7-1DB506F4A69C}.AppStore|ARM.ActiveCfg = Release|Any CPU
		{5850ED81-A036-47A8-BAB7-1DB506F4A69C}.AppStore|ARM.Build.0 = Release|Any CPU
		{5850ED81-A036-47A8-BAB7-1DB506F4A69C}.AppStore|ARM.Deploy.0 = Release|Any CPU
		{5850ED81-A036-47A8-BAB7-1DB506F4A69C}.AppStore|iPhone.ActiveCfg = Release|Any CPU
		{5850ED81-A036-47A8-BAB7-1DB506F4A69C}.AppStore|iPhone.Build.0 = Release|Any CPU
		{5850ED81-A036-47A8-BAB7-1DB506F4A69C}.AppStore|iPhone.Deploy.0 = Release|Any CPU
		{5850ED81-A036-47A8-BAB7-1DB506F4A69C}.AppStore|iPhoneSimulator.ActiveCfg = Release|Any CPU
		{5850ED81-A036-47A8-BAB7-1DB506F4A69C}.AppStore|iPhoneSimulator.Build.0 = Release|Any CPU
		{5850ED81-A036-47A8-BAB7-1DB506F4A69C}.AppStore|iPhoneSimulator.Deploy.0 = Release|Any CPU
		{5850ED81-A036-47A8-BAB7-1DB506F4A69C}.AppStore|x64.ActiveCfg = Release|Any CPU
		{5850ED81-A036-47A8-BAB7-1DB506F4A69C}.AppStore|x64.Build.0 = Release|Any CPU
		{5850ED81-A036-47A8-BAB7-1DB506F4A69C}.AppStore|x64.Deploy.0 = Release|Any CPU
		{5850ED81-A036-47A8-BAB7-1DB506F4A69C}.AppStore|x86.ActiveCfg = Release|Any CPU
		{5850ED81-A036-47A8-BAB7-1DB506F4A69C}.AppStore|x86.Build.0 = Release|Any CPU
		{5850ED81-A036-47A8-BAB7-1DB506F4A69C}.AppStore|x86.Deploy.0 = Release|Any CPU
		{5850ED81-A036-47A8-BAB7-1DB506F4A69C}.Debug|Any CPU.ActiveCfg = Debug|Any CPU
		{5850ED81-A036-47A8-BAB7-1DB506F4A69C}.Debug|Any CPU.Build.0 = Debug|Any CPU
		{5850ED81-A036-47A8-BAB7-1DB506F4A69C}.Debug|Any CPU.Deploy.0 = Debug|Any CPU
		{5850ED81-A036-47A8-BAB7-1DB506F4A69C}.Debug|ARM.ActiveCfg = Debug|Any CPU
		{5850ED81-A036-47A8-BAB7-1DB506F4A69C}.Debug|ARM.Build.0 = Debug|Any CPU
		{5850ED81-A036-47A8-BAB7-1DB506F4A69C}.Debug|ARM.Deploy.0 = Debug|Any CPU
		{5850ED81-A036-47A8-BAB7-1DB506F4A69C}.Debug|iPhone.ActiveCfg = Debug|Any CPU
		{5850ED81-A036-47A8-BAB7-1DB506F4A69C}.Debug|iPhone.Build.0 = Debug|Any CPU
		{5850ED81-A036-47A8-BAB7-1DB506F4A69C}.Debug|iPhone.Deploy.0 = Debug|Any CPU
		{5850ED81-A036-47A8-BAB7-1DB506F4A69C}.Debug|iPhoneSimulator.ActiveCfg = Debug|Any CPU
		{5850ED81-A036-47A8-BAB7-1DB506F4A69C}.Debug|iPhoneSimulator.Build.0 = Debug|Any CPU
		{5850ED81-A036-47A8-BAB7-1DB506F4A69C}.Debug|iPhoneSimulator.Deploy.0 = Debug|Any CPU
		{5850ED81-A036-47A8-BAB7-1DB506F4A69C}.Debug|x64.ActiveCfg = Debug|Any CPU
		{5850ED81-A036-47A8-BAB7-1DB506F4A69C}.Debug|x64.Build.0 = Debug|Any CPU
		{5850ED81-A036-47A8-BAB7-1DB506F4A69C}.Debug|x64.Deploy.0 = Debug|Any CPU
		{5850ED81-A036-47A8-BAB7-1DB506F4A69C}.Debug|x86.ActiveCfg = Debug|Any CPU
		{5850ED81-A036-47A8-BAB7-1DB506F4A69C}.Debug|x86.Build.0 = Debug|Any CPU
		{5850ED81-A036-47A8-BAB7-1DB506F4A69C}.Debug|x86.Deploy.0 = Debug|Any CPU
		{5850ED81-A036-47A8-BAB7-1DB506F4A69C}.Release|Any CPU.ActiveCfg = Release|Any CPU
		{5850ED81-A036-47A8-BAB7-1DB506F4A69C}.Release|Any CPU.Build.0 = Release|Any CPU
		{5850ED81-A036-47A8-BAB7-1DB506F4A69C}.Release|Any CPU.Deploy.0 = Release|Any CPU
		{5850ED81-A036-47A8-BAB7-1DB506F4A69C}.Release|ARM.ActiveCfg = Release|Any CPU
		{5850ED81-A036-47A8-BAB7-1DB506F4A69C}.Release|ARM.Build.0 = Release|Any CPU
		{5850ED81-A036-47A8-BAB7-1DB506F4A69C}.Release|ARM.Deploy.0 = Release|Any CPU
		{5850ED81-A036-47A8-BAB7-1DB506F4A69C}.Release|iPhone.ActiveCfg = Release|Any CPU
		{5850ED81-A036-47A8-BAB7-1DB506F4A69C}.Release|iPhone.Build.0 = Release|Any CPU
		{5850ED81-A036-47A8-BAB7-1DB506F4A69C}.Release|iPhone.Deploy.0 = Release|Any CPU
		{5850ED81-A036-47A8-BAB7-1DB506F4A69C}.Release|iPhoneSimulator.ActiveCfg = Release|Any CPU
		{5850ED81-A036-47A8-BAB7-1DB506F4A69C}.Release|iPhoneSimulator.Build.0 = Release|Any CPU
		{5850ED81-A036-47A8-BAB7-1DB506F4A69C}.Release|iPhoneSimulator.Deploy.0 = Release|Any CPU
		{5850ED81-A036-47A8-BAB7-1DB506F4A69C}.Release|x64.ActiveCfg = Release|Any CPU
		{5850ED81-A036-47A8-BAB7-1DB506F4A69C}.Release|x64.Build.0 = Release|Any CPU
		{5850ED81-A036-47A8-BAB7-1DB506F4A69C}.Release|x64.Deploy.0 = Release|Any CPU
		{5850ED81-A036-47A8-BAB7-1DB506F4A69C}.Release|x86.ActiveCfg = Release|Any CPU
		{5850ED81-A036-47A8-BAB7-1DB506F4A69C}.Release|x86.Build.0 = Release|Any CPU
		{5850ED81-A036-47A8-BAB7-1DB506F4A69C}.Release|x86.Deploy.0 = Release|Any CPU
		{C4512D75-999C-482A-9B1D-54E3E634E6A7}.Ad-Hoc|Any CPU.ActiveCfg = Ad-Hoc|iPhone
		{C4512D75-999C-482A-9B1D-54E3E634E6A7}.Ad-Hoc|ARM.ActiveCfg = Ad-Hoc|iPhone
		{C4512D75-999C-482A-9B1D-54E3E634E6A7}.Ad-Hoc|iPhone.ActiveCfg = Ad-Hoc|iPhone
		{C4512D75-999C-482A-9B1D-54E3E634E6A7}.Ad-Hoc|iPhone.Build.0 = Ad-Hoc|iPhone
		{C4512D75-999C-482A-9B1D-54E3E634E6A7}.Ad-Hoc|iPhoneSimulator.ActiveCfg = Ad-Hoc|iPhoneSimulator
		{C4512D75-999C-482A-9B1D-54E3E634E6A7}.Ad-Hoc|iPhoneSimulator.Build.0 = Ad-Hoc|iPhoneSimulator
		{C4512D75-999C-482A-9B1D-54E3E634E6A7}.Ad-Hoc|x64.ActiveCfg = Ad-Hoc|iPhone
		{C4512D75-999C-482A-9B1D-54E3E634E6A7}.Ad-Hoc|x86.ActiveCfg = Ad-Hoc|iPhone
		{C4512D75-999C-482A-9B1D-54E3E634E6A7}.AppStore|Any CPU.ActiveCfg = AppStore|iPhone
		{C4512D75-999C-482A-9B1D-54E3E634E6A7}.AppStore|ARM.ActiveCfg = AppStore|iPhone
		{C4512D75-999C-482A-9B1D-54E3E634E6A7}.AppStore|iPhone.ActiveCfg = AppStore|iPhone
		{C4512D75-999C-482A-9B1D-54E3E634E6A7}.AppStore|iPhone.Build.0 = AppStore|iPhone
		{C4512D75-999C-482A-9B1D-54E3E634E6A7}.AppStore|iPhoneSimulator.ActiveCfg = AppStore|iPhoneSimulator
		{C4512D75-999C-482A-9B1D-54E3E634E6A7}.AppStore|iPhoneSimulator.Build.0 = AppStore|iPhoneSimulator
		{C4512D75-999C-482A-9B1D-54E3E634E6A7}.AppStore|x64.ActiveCfg = AppStore|iPhone
		{C4512D75-999C-482A-9B1D-54E3E634E6A7}.AppStore|x86.ActiveCfg = AppStore|iPhone
		{C4512D75-999C-482A-9B1D-54E3E634E6A7}.Debug|Any CPU.ActiveCfg = Debug|iPhone
		{C4512D75-999C-482A-9B1D-54E3E634E6A7}.Debug|ARM.ActiveCfg = Debug|iPhone
		{C4512D75-999C-482A-9B1D-54E3E634E6A7}.Debug|iPhone.ActiveCfg = Debug|iPhone
		{C4512D75-999C-482A-9B1D-54E3E634E6A7}.Debug|iPhone.Build.0 = Debug|iPhone
		{C4512D75-999C-482A-9B1D-54E3E634E6A7}.Debug|iPhoneSimulator.ActiveCfg = Debug|iPhoneSimulator
		{C4512D75-999C-482A-9B1D-54E3E634E6A7}.Debug|iPhoneSimulator.Build.0 = Debug|iPhoneSimulator
		{C4512D75-999C-482A-9B1D-54E3E634E6A7}.Debug|x64.ActiveCfg = Debug|iPhone
		{C4512D75-999C-482A-9B1D-54E3E634E6A7}.Debug|x86.ActiveCfg = Debug|iPhone
		{C4512D75-999C-482A-9B1D-54E3E634E6A7}.Release|Any CPU.ActiveCfg = Release|iPhone
		{C4512D75-999C-482A-9B1D-54E3E634E6A7}.Release|ARM.ActiveCfg = Release|iPhone
		{C4512D75-999C-482A-9B1D-54E3E634E6A7}.Release|iPhone.ActiveCfg = Release|iPhone
		{C4512D75-999C-482A-9B1D-54E3E634E6A7}.Release|iPhone.Build.0 = Release|iPhone
		{C4512D75-999C-482A-9B1D-54E3E634E6A7}.Release|iPhoneSimulator.ActiveCfg = Release|iPhoneSimulator
		{C4512D75-999C-482A-9B1D-54E3E634E6A7}.Release|iPhoneSimulator.Build.0 = Release|iPhoneSimulator
		{C4512D75-999C-482A-9B1D-54E3E634E6A7}.Release|x64.ActiveCfg = Release|iPhone
		{C4512D75-999C-482A-9B1D-54E3E634E6A7}.Release|x86.ActiveCfg = Release|iPhone
		{8EE4B6DB-782A-4828-B97A-DF2059A4A7F7}.Ad-Hoc|Any CPU.ActiveCfg = Release|x64
		{8EE4B6DB-782A-4828-B97A-DF2059A4A7F7}.Ad-Hoc|Any CPU.Build.0 = Release|x64
		{8EE4B6DB-782A-4828-B97A-DF2059A4A7F7}.Ad-Hoc|Any CPU.Deploy.0 = Release|x64
		{8EE4B6DB-782A-4828-B97A-DF2059A4A7F7}.Ad-Hoc|ARM.ActiveCfg = Release|ARM
		{8EE4B6DB-782A-4828-B97A-DF2059A4A7F7}.Ad-Hoc|ARM.Build.0 = Release|ARM
		{8EE4B6DB-782A-4828-B97A-DF2059A4A7F7}.Ad-Hoc|ARM.Deploy.0 = Release|ARM
		{8EE4B6DB-782A-4828-B97A-DF2059A4A7F7}.Ad-Hoc|iPhone.ActiveCfg = Release|x64
		{8EE4B6DB-782A-4828-B97A-DF2059A4A7F7}.Ad-Hoc|iPhone.Build.0 = Release|x64
		{8EE4B6DB-782A-4828-B97A-DF2059A4A7F7}.Ad-Hoc|iPhone.Deploy.0 = Release|x64
		{8EE4B6DB-782A-4828-B97A-DF2059A4A7F7}.Ad-Hoc|iPhoneSimulator.ActiveCfg = Release|x64
		{8EE4B6DB-782A-4828-B97A-DF2059A4A7F7}.Ad-Hoc|iPhoneSimulator.Build.0 = Release|x64
		{8EE4B6DB-782A-4828-B97A-DF2059A4A7F7}.Ad-Hoc|iPhoneSimulator.Deploy.0 = Release|x64
		{8EE4B6DB-782A-4828-B97A-DF2059A4A7F7}.Ad-Hoc|x64.ActiveCfg = Release|x64
		{8EE4B6DB-782A-4828-B97A-DF2059A4A7F7}.Ad-Hoc|x64.Build.0 = Release|x64
		{8EE4B6DB-782A-4828-B97A-DF2059A4A7F7}.Ad-Hoc|x64.Deploy.0 = Release|x64
		{8EE4B6DB-782A-4828-B97A-DF2059A4A7F7}.Ad-Hoc|x86.ActiveCfg = Release|x86
		{8EE4B6DB-782A-4828-B97A-DF2059A4A7F7}.Ad-Hoc|x86.Build.0 = Release|x86
		{8EE4B6DB-782A-4828-B97A-DF2059A4A7F7}.Ad-Hoc|x86.Deploy.0 = Release|x86
		{8EE4B6DB-782A-4828-B97A-DF2059A4A7F7}.AppStore|Any CPU.ActiveCfg = Release|x64
		{8EE4B6DB-782A-4828-B97A-DF2059A4A7F7}.AppStore|Any CPU.Build.0 = Release|x64
		{8EE4B6DB-782A-4828-B97A-DF2059A4A7F7}.AppStore|Any CPU.Deploy.0 = Release|x64
		{8EE4B6DB-782A-4828-B97A-DF2059A4A7F7}.AppStore|ARM.ActiveCfg = Release|ARM
		{8EE4B6DB-782A-4828-B97A-DF2059A4A7F7}.AppStore|ARM.Build.0 = Release|ARM
		{8EE4B6DB-782A-4828-B97A-DF2059A4A7F7}.AppStore|ARM.Deploy.0 = Release|ARM
		{8EE4B6DB-782A-4828-B97A-DF2059A4A7F7}.AppStore|iPhone.ActiveCfg = Release|x64
		{8EE4B6DB-782A-4828-B97A-DF2059A4A7F7}.AppStore|iPhone.Build.0 = Release|x64
		{8EE4B6DB-782A-4828-B97A-DF2059A4A7F7}.AppStore|iPhone.Deploy.0 = Release|x64
		{8EE4B6DB-782A-4828-B97A-DF2059A4A7F7}.AppStore|iPhoneSimulator.ActiveCfg = Release|x64
		{8EE4B6DB-782A-4828-B97A-DF2059A4A7F7}.AppStore|iPhoneSimulator.Build.0 = Release|x64
		{8EE4B6DB-782A-4828-B97A-DF2059A4A7F7}.AppStore|iPhoneSimulator.Deploy.0 = Release|x64
		{8EE4B6DB-782A-4828-B97A-DF2059A4A7F7}.AppStore|x64.ActiveCfg = Release|x64
		{8EE4B6DB-782A-4828-B97A-DF2059A4A7F7}.AppStore|x64.Build.0 = Release|x64
		{8EE4B6DB-782A-4828-B97A-DF2059A4A7F7}.AppStore|x64.Deploy.0 = Release|x64
		{8EE4B6DB-782A-4828-B97A-DF2059A4A7F7}.AppStore|x86.ActiveCfg = Release|x86
		{8EE4B6DB-782A-4828-B97A-DF2059A4A7F7}.AppStore|x86.Build.0 = Release|x86
		{8EE4B6DB-782A-4828-B97A-DF2059A4A7F7}.AppStore|x86.Deploy.0 = Release|x86
		{8EE4B6DB-782A-4828-B97A-DF2059A4A7F7}.Debug|Any CPU.ActiveCfg = Debug|x86
		{8EE4B6DB-782A-4828-B97A-DF2059A4A7F7}.Debug|ARM.ActiveCfg = Debug|ARM
		{8EE4B6DB-782A-4828-B97A-DF2059A4A7F7}.Debug|ARM.Build.0 = Debug|ARM
		{8EE4B6DB-782A-4828-B97A-DF2059A4A7F7}.Debug|ARM.Deploy.0 = Debug|ARM
		{8EE4B6DB-782A-4828-B97A-DF2059A4A7F7}.Debug|iPhone.ActiveCfg = Debug|x86
		{8EE4B6DB-782A-4828-B97A-DF2059A4A7F7}.Debug|iPhoneSimulator.ActiveCfg = Debug|x86
		{8EE4B6DB-782A-4828-B97A-DF2059A4A7F7}.Debug|x64.ActiveCfg = Debug|x64
		{8EE4B6DB-782A-4828-B97A-DF2059A4A7F7}.Debug|x64.Build.0 = Debug|x64
		{8EE4B6DB-782A-4828-B97A-DF2059A4A7F7}.Debug|x64.Deploy.0 = Debug|x64
		{8EE4B6DB-782A-4828-B97A-DF2059A4A7F7}.Debug|x86.ActiveCfg = Debug|x86
		{8EE4B6DB-782A-4828-B97A-DF2059A4A7F7}.Debug|x86.Build.0 = Debug|x86
		{8EE4B6DB-782A-4828-B97A-DF2059A4A7F7}.Debug|x86.Deploy.0 = Debug|x86
		{8EE4B6DB-782A-4828-B97A-DF2059A4A7F7}.Release|Any CPU.ActiveCfg = Release|x86
		{8EE4B6DB-782A-4828-B97A-DF2059A4A7F7}.Release|ARM.ActiveCfg = Release|ARM
		{8EE4B6DB-782A-4828-B97A-DF2059A4A7F7}.Release|ARM.Build.0 = Release|ARM
		{8EE4B6DB-782A-4828-B97A-DF2059A4A7F7}.Release|ARM.Deploy.0 = Release|ARM
		{8EE4B6DB-782A-4828-B97A-DF2059A4A7F7}.Release|iPhone.ActiveCfg = Release|x86
		{8EE4B6DB-782A-4828-B97A-DF2059A4A7F7}.Release|iPhoneSimulator.ActiveCfg = Release|x86
		{8EE4B6DB-782A-4828-B97A-DF2059A4A7F7}.Release|x64.ActiveCfg = Release|x64
		{8EE4B6DB-782A-4828-B97A-DF2059A4A7F7}.Release|x64.Build.0 = Release|x64
		{8EE4B6DB-782A-4828-B97A-DF2059A4A7F7}.Release|x64.Deploy.0 = Release|x64
		{8EE4B6DB-782A-4828-B97A-DF2059A4A7F7}.Release|x86.ActiveCfg = Release|x86
		{8EE4B6DB-782A-4828-B97A-DF2059A4A7F7}.Release|x86.Build.0 = Release|x86
		{8EE4B6DB-782A-4828-B97A-DF2059A4A7F7}.Release|x86.Deploy.0 = Release|x86
		{4FF15D5A-EC34-432C-9F62-CF91704A85AC}.Ad-Hoc|Any CPU.ActiveCfg = Debug|Any CPU
		{4FF15D5A-EC34-432C-9F62-CF91704A85AC}.Ad-Hoc|Any CPU.Build.0 = Debug|Any CPU
		{4FF15D5A-EC34-432C-9F62-CF91704A85AC}.Ad-Hoc|ARM.ActiveCfg = Debug|Any CPU
		{4FF15D5A-EC34-432C-9F62-CF91704A85AC}.Ad-Hoc|ARM.Build.0 = Debug|Any CPU
		{4FF15D5A-EC34-432C-9F62-CF91704A85AC}.Ad-Hoc|iPhone.ActiveCfg = Debug|Any CPU
		{4FF15D5A-EC34-432C-9F62-CF91704A85AC}.Ad-Hoc|iPhone.Build.0 = Debug|Any CPU
		{4FF15D5A-EC34-432C-9F62-CF91704A85AC}.Ad-Hoc|iPhoneSimulator.ActiveCfg = Debug|Any CPU
		{4FF15D5A-EC34-432C-9F62-CF91704A85AC}.Ad-Hoc|iPhoneSimulator.Build.0 = Debug|Any CPU
		{4FF15D5A-EC34-432C-9F62-CF91704A85AC}.Ad-Hoc|x64.ActiveCfg = Debug|Any CPU
		{4FF15D5A-EC34-432C-9F62-CF91704A85AC}.Ad-Hoc|x64.Build.0 = Debug|Any CPU
		{4FF15D5A-EC34-432C-9F62-CF91704A85AC}.Ad-Hoc|x86.ActiveCfg = Debug|Any CPU
		{4FF15D5A-EC34-432C-9F62-CF91704A85AC}.Ad-Hoc|x86.Build.0 = Debug|Any CPU
		{4FF15D5A-EC34-432C-9F62-CF91704A85AC}.AppStore|Any CPU.ActiveCfg = Debug|Any CPU
		{4FF15D5A-EC34-432C-9F62-CF91704A85AC}.AppStore|Any CPU.Build.0 = Debug|Any CPU
		{4FF15D5A-EC34-432C-9F62-CF91704A85AC}.AppStore|ARM.ActiveCfg = Debug|Any CPU
		{4FF15D5A-EC34-432C-9F62-CF91704A85AC}.AppStore|ARM.Build.0 = Debug|Any CPU
		{4FF15D5A-EC34-432C-9F62-CF91704A85AC}.AppStore|iPhone.ActiveCfg = Debug|Any CPU
		{4FF15D5A-EC34-432C-9F62-CF91704A85AC}.AppStore|iPhone.Build.0 = Debug|Any CPU
		{4FF15D5A-EC34-432C-9F62-CF91704A85AC}.AppStore|iPhoneSimulator.ActiveCfg = Debug|Any CPU
		{4FF15D5A-EC34-432C-9F62-CF91704A85AC}.AppStore|iPhoneSimulator.Build.0 = Debug|Any CPU
		{4FF15D5A-EC34-432C-9F62-CF91704A85AC}.AppStore|x64.ActiveCfg = Debug|Any CPU
		{4FF15D5A-EC34-432C-9F62-CF91704A85AC}.AppStore|x64.Build.0 = Debug|Any CPU
		{4FF15D5A-EC34-432C-9F62-CF91704A85AC}.AppStore|x86.ActiveCfg = Debug|Any CPU
		{4FF15D5A-EC34-432C-9F62-CF91704A85AC}.AppStore|x86.Build.0 = Debug|Any CPU
		{4FF15D5A-EC34-432C-9F62-CF91704A85AC}.Debug|Any CPU.ActiveCfg = Debug|Any CPU
		{4FF15D5A-EC34-432C-9F62-CF91704A85AC}.Debug|Any CPU.Build.0 = Debug|Any CPU
		{4FF15D5A-EC34-432C-9F62-CF91704A85AC}.Debug|ARM.ActiveCfg = Debug|Any CPU
		{4FF15D5A-EC34-432C-9F62-CF91704A85AC}.Debug|ARM.Build.0 = Debug|Any CPU
		{4FF15D5A-EC34-432C-9F62-CF91704A85AC}.Debug|iPhone.ActiveCfg = Debug|Any CPU
		{4FF15D5A-EC34-432C-9F62-CF91704A85AC}.Debug|iPhone.Build.0 = Debug|Any CPU
		{4FF15D5A-EC34-432C-9F62-CF91704A85AC}.Debug|iPhoneSimulator.ActiveCfg = Debug|Any CPU
		{4FF15D5A-EC34-432C-9F62-CF91704A85AC}.Debug|iPhoneSimulator.Build.0 = Debug|Any CPU
		{4FF15D5A-EC34-432C-9F62-CF91704A85AC}.Debug|x64.ActiveCfg = Debug|Any CPU
		{4FF15D5A-EC34-432C-9F62-CF91704A85AC}.Debug|x64.Build.0 = Debug|Any CPU
		{4FF15D5A-EC34-432C-9F62-CF91704A85AC}.Debug|x86.ActiveCfg = Debug|Any CPU
		{4FF15D5A-EC34-432C-9F62-CF91704A85AC}.Debug|x86.Build.0 = Debug|Any CPU
		{4FF15D5A-EC34-432C-9F62-CF91704A85AC}.Release|Any CPU.ActiveCfg = Release|Any CPU
		{4FF15D5A-EC34-432C-9F62-CF91704A85AC}.Release|Any CPU.Build.0 = Release|Any CPU
		{4FF15D5A-EC34-432C-9F62-CF91704A85AC}.Release|ARM.ActiveCfg = Release|Any CPU
		{4FF15D5A-EC34-432C-9F62-CF91704A85AC}.Release|ARM.Build.0 = Release|Any CPU
		{4FF15D5A-EC34-432C-9F62-CF91704A85AC}.Release|iPhone.ActiveCfg = Release|Any CPU
		{4FF15D5A-EC34-432C-9F62-CF91704A85AC}.Release|iPhone.Build.0 = Release|Any CPU
		{4FF15D5A-EC34-432C-9F62-CF91704A85AC}.Release|iPhoneSimulator.ActiveCfg = Release|Any CPU
		{4FF15D5A-EC34-432C-9F62-CF91704A85AC}.Release|iPhoneSimulator.Build.0 = Release|Any CPU
		{4FF15D5A-EC34-432C-9F62-CF91704A85AC}.Release|x64.ActiveCfg = Release|Any CPU
		{4FF15D5A-EC34-432C-9F62-CF91704A85AC}.Release|x64.Build.0 = Release|Any CPU
		{4FF15D5A-EC34-432C-9F62-CF91704A85AC}.Release|x86.ActiveCfg = Release|Any CPU
		{4FF15D5A-EC34-432C-9F62-CF91704A85AC}.Release|x86.Build.0 = Release|Any CPU
	EndGlobalSection
	GlobalSection(SolutionProperties) = preSolution
		HideSolutionNode = FALSE
	EndGlobalSection
	GlobalSection(ExtensibilityGlobals) = postSolution
		SolutionGuid = {CACA658B-F2E8-41C4-B6FE-4E5809FD6B3A}
	EndGlobalSection
EndGlobal
